
Microsoft Visual Studio Solution File, Format Version 12.00
# Visual Studio Version 16
VisualStudioVersion = 16.0.28922.388
MinimumVisualStudioVersion = 10.0.40219.1
Project("{FAE04EC0-301F-11D3-BF4B-00C04F79EFBC}") = "SalesWebMvc", "SalesWebMvc.csproj", "{610C3DF3-4D8E-43D4-B8C7-FC987858983A}"
EndProject
Global
	GlobalSection(SolutionConfigurationPlatforms) = preSolution
		Debug|Any CPU = Debug|Any CPU
		Release|Any CPU = Release|Any CPU
	EndGlobalSection
	GlobalSection(ProjectConfigurationPlatforms) = postSolution
		{610C3DF3-4D8E-43D4-B8C7-FC987858983A}.Debug|Any CPU.ActiveCfg = Debug|Any CPU
		{610C3DF3-4D8E-43D4-B8C7-FC987858983A}.Debug|Any CPU.Build.0 = Debug|Any CPU
		{610C3DF3-4D8E-43D4-B8C7-FC987858983A}.Release|Any CPU.ActiveCfg = Release|Any CPU
		{610C3DF3-4D8E-43D4-B8C7-FC987858983A}.Release|Any CPU.Build.0 = Release|Any CPU
	EndGlobalSection
	GlobalSection(SolutionProperties) = preSolution
		HideSolutionNode = FALSE
	EndGlobalSection
	GlobalSection(ExtensibilityGlobals) = postSolution
		SolutionGuid = {CD054004-4002-49C3-884B-B306055D0549}
	EndGlobalSection
EndGlobal
